// !$*UTF8*$!
{
	archiveVersion = 1;
	classes = {
	};
	objectVersion = 50;
	objects = {

/* Begin PBXBuildFile section */
		57BAC6A824D8C04D00BD34AE /* KanbanwaApp.swift in Sources */ = {isa = PBXBuildFile; fileRef = 57BAC6A724D8C04D00BD34AE /* KanbanwaApp.swift */; };
		57BAC6AA24D8C04D00BD34AE /* ContentView.swift in Sources */ = {isa = PBXBuildFile; fileRef = 57BAC6A924D8C04D00BD34AE /* ContentView.swift */; };
		57BAC6AC24D8C04F00BD34AE /* Assets.xcassets in Resources */ = {isa = PBXBuildFile; fileRef = 57BAC6AB24D8C04F00BD34AE /* Assets.xcassets */; };
		57BAC6AF24D8C04F00BD34AE /* Preview Assets.xcassets in Resources */ = {isa = PBXBuildFile; fileRef = 57BAC6AE24D8C04F00BD34AE /* Preview Assets.xcassets */; };
		57BAC6BB24D8C05000BD34AE /* KanbanwaTests.swift in Sources */ = {isa = PBXBuildFile; fileRef = 57BAC6BA24D8C05000BD34AE /* KanbanwaTests.swift */; };
		57BAC6C624D8C05000BD34AE /* KanbanwaUITests.swift in Sources */ = {isa = PBXBuildFile; fileRef = 57BAC6C524D8C05000BD34AE /* KanbanwaUITests.swift */; };
		57BAC6D424D8C06500BD34AE /* KanbanCard.swift in Sources */ = {isa = PBXBuildFile; fileRef = 57BAC6D324D8C06500BD34AE /* KanbanCard.swift */; };
		57BAC6D624D8C2CC00BD34AE /* Drawing.swift in Sources */ = {isa = PBXBuildFile; fileRef = 57BAC6D524D8C2CC00BD34AE /* Drawing.swift */; };
		57BAC6D824D8CB1F00BD34AE /* KanbanModel.swift in Sources */ = {isa = PBXBuildFile; fileRef = 57BAC6D724D8CB1F00BD34AE /* KanbanModel.swift */; };
		57BAC6DA24D8CC3A00BD34AE /* TestData.swift in Sources */ = {isa = PBXBuildFile; fileRef = 57BAC6D924D8CC3A00BD34AE /* TestData.swift */; };
/* End PBXBuildFile section */

/* Begin PBXContainerItemProxy section */
		57BAC6B724D8C05000BD34AE /* PBXContainerItemProxy */ = {
			isa = PBXContainerItemProxy;
			containerPortal = 57BAC69C24D8C04D00BD34AE /* Project object */;
			proxyType = 1;
			remoteGlobalIDString = 57BAC6A324D8C04D00BD34AE;
			remoteInfo = Kanbanwa;
		};
		57BAC6C224D8C05000BD34AE /* PBXContainerItemProxy */ = {
			isa = PBXContainerItemProxy;
			containerPortal = 57BAC69C24D8C04D00BD34AE /* Project object */;
			proxyType = 1;
			remoteGlobalIDString = 57BAC6A324D8C04D00BD34AE;
			remoteInfo = Kanbanwa;
		};
/* End PBXContainerItemProxy section */

/* Begin PBXFileReference section */
		577258F324D8DDBA00610CFB /* README.md */ = {isa = PBXFileReference; lastKnownFileType = net.daringfireball.markdown; path = README.md; sourceTree = SOURCE_ROOT; };
		577258F524D8DF9F00610CFB /* shot.png */ = {isa = PBXFileReference; lastKnownFileType = image.png; path = shot.png; sourceTree = "<group>"; };
		57BAC6A424D8C04D00BD34AE /* Kanbanwa.app */ = {isa = PBXFileReference; explicitFileType = wrapper.application; includeInIndex = 0; path = Kanbanwa.app; sourceTree = BUILT_PRODUCTS_DIR; };
		57BAC6A724D8C04D00BD34AE /* KanbanwaApp.swift */ = {isa = PBXFileReference; lastKnownFileType = sourcecode.swift; path = KanbanwaApp.swift; sourceTree = "<group>"; };
		57BAC6A924D8C04D00BD34AE /* ContentView.swift */ = {isa = PBXFileReference; lastKnownFileType = sourcecode.swift; path = ContentView.swift; sourceTree = "<group>"; };
		57BAC6AB24D8C04F00BD34AE /* Assets.xcassets */ = {isa = PBXFileReference; lastKnownFileType = folder.assetcatalog; path = Assets.xcassets; sourceTree = "<group>"; };
		57BAC6AE24D8C04F00BD34AE /* Preview Assets.xcassets */ = {isa = PBXFileReference; lastKnownFileType = folder.assetcatalog; path = "Preview Assets.xcassets"; sourceTree = "<group>"; };
		57BAC6B024D8C04F00BD34AE /* Info.plist */ = {isa = PBXFileReference; lastKnownFileType = text.plist.xml; path = Info.plist; sourceTree = "<group>"; };
		57BAC6B124D8C04F00BD34AE /* Kanbanwa.entitlements */ = {isa = PBXFileReference; lastKnownFileType = text.plist.entitlements; path = Kanbanwa.entitlements; sourceTree = "<group>"; };
		57BAC6B624D8C05000BD34AE /* KanbanwaTests.xctest */ = {isa = PBXFileReference; explicitFileType = wrapper.cfbundle; includeInIndex = 0; path = KanbanwaTests.xctest; sourceTree = BUILT_PRODUCTS_DIR; };
		57BAC6BA24D8C05000BD34AE /* KanbanwaTests.swift */ = {isa = PBXFileReference; lastKnownFileType = sourcecode.swift; path = KanbanwaTests.swift; sourceTree = "<group>"; };
		57BAC6BC24D8C05000BD34AE /* Info.plist */ = {isa = PBXFileReference; lastKnownFileType = text.plist.xml; path = Info.plist; sourceTree = "<group>"; };
		57BAC6C124D8C05000BD34AE /* KanbanwaUITests.xctest */ = {isa = PBXFileReference; explicitFileType = wrapper.cfbundle; includeInIndex = 0; path = KanbanwaUITests.xctest; sourceTree = BUILT_PRODUCTS_DIR; };
		57BAC6C524D8C05000BD34AE /* KanbanwaUITests.swift */ = {isa = PBXFileReference; lastKnownFileType = sourcecode.swift; path = KanbanwaUITests.swift; sourceTree = "<group>"; };
		57BAC6C724D8C05000BD34AE /* Info.plist */ = {isa = PBXFileReference; lastKnownFileType = text.plist.xml; path = Info.plist; sourceTree = "<group>"; };
		57BAC6D324D8C06500BD34AE /* KanbanCard.swift */ = {isa = PBXFileReference; lastKnownFileType = sourcecode.swift; path = KanbanCard.swift; sourceTree = "<group>"; };
		57BAC6D524D8C2CC00BD34AE /* Drawing.swift */ = {isa = PBXFileReference; lastKnownFileType = sourcecode.swift; path = Drawing.swift; sourceTree = "<group>"; };
		57BAC6D724D8CB1F00BD34AE /* KanbanModel.swift */ = {isa = PBXFileReference; lastKnownFileType = sourcecode.swift; path = KanbanModel.swift; sourceTree = "<group>"; };
		57BAC6D924D8CC3A00BD34AE /* TestData.swift */ = {isa = PBXFileReference; lastKnownFileType = sourcecode.swift; path = TestData.swift; sourceTree = "<group>"; };
/* End PBXFileReference section */

/* Begin PBXFrameworksBuildPhase section */
		57BAC6A124D8C04D00BD34AE /* Frameworks */ = {
			isa = PBXFrameworksBuildPhase;
			buildActionMask = 2147483647;
			files = (
			);
			runOnlyForDeploymentPostprocessing = 0;
		};
		57BAC6B324D8C05000BD34AE /* Frameworks */ = {
			isa = PBXFrameworksBuildPhase;
			buildActionMask = 2147483647;
			files = (
			);
			runOnlyForDeploymentPostprocessing = 0;
		};
		57BAC6BE24D8C05000BD34AE /* Frameworks */ = {
			isa = PBXFrameworksBuildPhase;
			buildActionMask = 2147483647;
			files = (
			);
			runOnlyForDeploymentPostprocessing = 0;
		};
/* End PBXFrameworksBuildPhase section */

/* Begin PBXGroup section */
		577258F424D8DF7C00610CFB /* Img */ = {
			isa = PBXGroup;
			children = (
				577258F524D8DF9F00610CFB /* shot.png */,
			);
			path = Img;
			sourceTree = "<group>";
		};
		57BAC69B24D8C04D00BD34AE = {
			isa = PBXGroup;
			children = (
				577258F324D8DDBA00610CFB /* README.md */,
				57BAC6A624D8C04D00BD34AE /* Kanbanwa */,
				577258F424D8DF7C00610CFB /* Img */,
				57BAC6B924D8C05000BD34AE /* KanbanwaTests */,
				57BAC6C424D8C05000BD34AE /* KanbanwaUITests */,
				57BAC6A524D8C04D00BD34AE /* Products */,
			);
			sourceTree = "<group>";
		};
		57BAC6A524D8C04D00BD34AE /* Products */ = {
			isa = PBXGroup;
			children = (
				57BAC6A424D8C04D00BD34AE /* Kanbanwa.app */,
				57BAC6B624D8C05000BD34AE /* KanbanwaTests.xctest */,
				57BAC6C124D8C05000BD34AE /* KanbanwaUITests.xctest */,
			);
			name = Products;
			sourceTree = "<group>";
		};
		57BAC6A624D8C04D00BD34AE /* Kanbanwa */ = {
			isa = PBXGroup;
			children = (
				57BAC6A724D8C04D00BD34AE /* KanbanwaApp.swift */,
				57BAC6A924D8C04D00BD34AE /* ContentView.swift */,
				57BAC6D724D8CB1F00BD34AE /* KanbanModel.swift */,
				57BAC6D324D8C06500BD34AE /* KanbanCard.swift */,
				57BAC6D524D8C2CC00BD34AE /* Drawing.swift */,
				57BAC6AB24D8C04F00BD34AE /* Assets.xcassets */,
				57BAC6B024D8C04F00BD34AE /* Info.plist */,
				57BAC6B124D8C04F00BD34AE /* Kanbanwa.entitlements */,
				57BAC6AD24D8C04F00BD34AE /* Preview Content */,
			);
			path = Kanbanwa;
			sourceTree = "<group>";
		};
		57BAC6AD24D8C04F00BD34AE /* Preview Content */ = {
			isa = PBXGroup;
			children = (
				57BAC6D924D8CC3A00BD34AE /* TestData.swift */,
				57BAC6AE24D8C04F00BD34AE /* Preview Assets.xcassets */,
			);
			path = "Preview Content";
			sourceTree = "<group>";
		};
		57BAC6B924D8C05000BD34AE /* KanbanwaTests */ = {
			isa = PBXGroup;
			children = (
				57BAC6BA24D8C05000BD34AE /* KanbanwaTests.swift */,
				57BAC6BC24D8C05000BD34AE /* Info.plist */,
			);
			path = KanbanwaTests;
			sourceTree = "<group>";
		};
		57BAC6C424D8C05000BD34AE /* KanbanwaUITests */ = {
			isa = PBXGroup;
			children = (
				57BAC6C524D8C05000BD34AE /* KanbanwaUITests.swift */,
				57BAC6C724D8C05000BD34AE /* Info.plist */,
			);
			path = KanbanwaUITests;
			sourceTree = "<group>";
		};
/* End PBXGroup section */

/* Begin PBXNativeTarget section */
		57BAC6A324D8C04D00BD34AE /* Kanbanwa */ = {
			isa = PBXNativeTarget;
			buildConfigurationList = 57BAC6CA24D8C05000BD34AE /* Build configuration list for PBXNativeTarget "Kanbanwa" */;
			buildPhases = (
				57BAC6A024D8C04D00BD34AE /* Sources */,
				57BAC6A124D8C04D00BD34AE /* Frameworks */,
				57BAC6A224D8C04D00BD34AE /* Resources */,
			);
			buildRules = (
			);
			dependencies = (
			);
			name = Kanbanwa;
			productName = Kanbanwa;
			productReference = 57BAC6A424D8C04D00BD34AE /* Kanbanwa.app */;
			productType = "com.apple.product-type.application";
		};
		57BAC6B524D8C05000BD34AE /* KanbanwaTests */ = {
			isa = PBXNativeTarget;
			buildConfigurationList = 57BAC6CD24D8C05000BD34AE /* Build configuration list for PBXNativeTarget "KanbanwaTests" */;
			buildPhases = (
				57BAC6B224D8C05000BD34AE /* Sources */,
				57BAC6B324D8C05000BD34AE /* Frameworks */,
				57BAC6B424D8C05000BD34AE /* Resources */,
			);
			buildRules = (
			);
			dependencies = (
				57BAC6B824D8C05000BD34AE /* PBXTargetDependency */,
			);
			name = KanbanwaTests;
			productName = KanbanwaTests;
			productReference = 57BAC6B624D8C05000BD34AE /* KanbanwaTests.xctest */;
			productType = "com.apple.product-type.bundle.unit-test";
		};
		57BAC6C024D8C05000BD34AE /* KanbanwaUITests */ = {
			isa = PBXNativeTarget;
			buildConfigurationList = 57BAC6D024D8C05000BD34AE /* Build configuration list for PBXNativeTarget "KanbanwaUITests" */;
			buildPhases = (
				57BAC6BD24D8C05000BD34AE /* Sources */,
				57BAC6BE24D8C05000BD34AE /* Frameworks */,
				57BAC6BF24D8C05000BD34AE /* Resources */,
			);
			buildRules = (
			);
			dependencies = (
				57BAC6C324D8C05000BD34AE /* PBXTargetDependency */,
			);
			name = KanbanwaUITests;
			productName = KanbanwaUITests;
			productReference = 57BAC6C124D8C05000BD34AE /* KanbanwaUITests.xctest */;
			productType = "com.apple.product-type.bundle.ui-testing";
		};
/* End PBXNativeTarget section */

/* Begin PBXProject section */
		57BAC69C24D8C04D00BD34AE /* Project object */ = {
			isa = PBXProject;
			attributes = {
				LastSwiftUpdateCheck = 1200;
				LastUpgradeCheck = 1200;
				TargetAttributes = {
					57BAC6A324D8C04D00BD34AE = {
						CreatedOnToolsVersion = 12.0;
					};
					57BAC6B524D8C05000BD34AE = {
						CreatedOnToolsVersion = 12.0;
						TestTargetID = 57BAC6A324D8C04D00BD34AE;
					};
					57BAC6C024D8C05000BD34AE = {
						CreatedOnToolsVersion = 12.0;
						TestTargetID = 57BAC6A324D8C04D00BD34AE;
					};
				};
			};
			buildConfigurationList = 57BAC69F24D8C04D00BD34AE /* Build configuration list for PBXProject "Kanbanwa" */;
			compatibilityVersion = "Xcode 9.3";
			developmentRegion = en;
			hasScannedForEncodings = 0;
			knownRegions = (
				en,
				Base,
			);
			mainGroup = 57BAC69B24D8C04D00BD34AE;
			productRefGroup = 57BAC6A524D8C04D00BD34AE /* Products */;
			projectDirPath = "";
			projectRoot = "";
			targets = (
				57BAC6A324D8C04D00BD34AE /* Kanbanwa */,
				57BAC6B524D8C05000BD34AE /* KanbanwaTests */,
				57BAC6C024D8C05000BD34AE /* KanbanwaUITests */,
			);
		};
/* End PBXProject section */

/* Begin PBXResourcesBuildPhase section */
		57BAC6A224D8C04D00BD34AE /* Resources */ = {
			isa = PBXResourcesBuildPhase;
			buildActionMask = 2147483647;
			files = (
				57BAC6AF24D8C04F00BD34AE /* Preview Assets.xcassets in Resources */,
				57BAC6AC24D8C04F00BD34AE /* Assets.xcassets in Resources */,
			);
			runOnlyForDeploymentPostprocessing = 0;
		};
		57BAC6B424D8C05000BD34AE /* Resources */ = {
			isa = PBXResourcesBuildPhase;
			buildActionMask = 2147483647;
			files = (
			);
			runOnlyForDeploymentPostprocessing = 0;
		};
		57BAC6BF24D8C05000BD34AE /* Resources */ = {
			isa = PBXResourcesBuildPhase;
			buildActionMask = 2147483647;
			files = (
			);
			runOnlyForDeploymentPostprocessing = 0;
		};
/* End PBXResourcesBuildPhase section */

/* Begin PBXSourcesBuildPhase section */
		57BAC6A024D8C04D00BD34AE /* Sources */ = {
			isa = PBXSourcesBuildPhase;
			buildActionMask = 2147483647;
			files = (
				57BAC6AA24D8C04D00BD34AE /* ContentView.swift in Sources */,
				57BAC6D424D8C06500BD34AE /* KanbanCard.swift in Sources */,
				57BAC6A824D8C04D00BD34AE /* KanbanwaApp.swift in Sources */,
				57BAC6DA24D8CC3A00BD34AE /* TestData.swift in Sources */,
				57BAC6D624D8C2CC00BD34AE /* Drawing.swift in Sources */,
				57BAC6D824D8CB1F00BD34AE /* KanbanModel.swift in Sources */,
			);
			runOnlyForDeploymentPostprocessing = 0;
		};
		57BAC6B224D8C05000BD34AE /* Sources */ = {
			isa = PBXSourcesBuildPhase;
			buildActionMask = 2147483647;
			files = (
				57BAC6BB24D8C05000BD34AE /* KanbanwaTests.swift in Sources */,
			);
			runOnlyForDeploymentPostprocessing = 0;
		};
		57BAC6BD24D8C05000BD34AE /* Sources */ = {
			isa = PBXSourcesBuildPhase;
			buildActionMask = 2147483647;
			files = (
				57BAC6C624D8C05000BD34AE /* KanbanwaUITests.swift in Sources */,
			);
			runOnlyForDeploymentPostprocessing = 0;
		};
/* End PBXSourcesBuildPhase section */

/* Begin PBXTargetDependency section */
		57BAC6B824D8C05000BD34AE /* PBXTargetDependency */ = {
			isa = PBXTargetDependency;
			target = 57BAC6A324D8C04D00BD34AE /* Kanbanwa */;
			targetProxy = 57BAC6B724D8C05000BD34AE /* PBXContainerItemProxy */;
		};
		57BAC6C324D8C05000BD34AE /* PBXTargetDependency */ = {
			isa = PBXTargetDependency;
			target = 57BAC6A324D8C04D00BD34AE /* Kanbanwa */;
			targetProxy = 57BAC6C224D8C05000BD34AE /* PBXContainerItemProxy */;
		};
/* End PBXTargetDependency section */

/* Begin XCBuildConfiguration section */
		57BAC6C824D8C05000BD34AE /* Debug */ = {
			isa = XCBuildConfiguration;
			buildSettings = {
				ALWAYS_SEARCH_USER_PATHS = NO;
				CLANG_ANALYZER_NONNULL = YES;
				CLANG_ANALYZER_NUMBER_OBJECT_CONVERSION = YES_AGGRESSIVE;
				CLANG_CXX_LANGUAGE_STANDARD = "gnu++14";
				CLANG_CXX_LIBRARY = "libc++";
				CLANG_ENABLE_MODULES = YES;
				CLANG_ENABLE_OBJC_ARC = YES;
				CLANG_ENABLE_OBJC_WEAK = YES;
				CLANG_WARN_BLOCK_CAPTURE_AUTORELEASING = YES;
				CLANG_WARN_BOOL_CONVERSION = YES;
				CLANG_WARN_COMMA = YES;
				CLANG_WARN_CONSTANT_CONVERSION = YES;
				CLANG_WARN_DEPRECATED_OBJC_IMPLEMENTATIONS = YES;
				CLANG_WARN_DIRECT_OBJC_ISA_USAGE = YES_ERROR;
				CLANG_WARN_DOCUMENTATION_COMMENTS = YES;
				CLANG_WARN_EMPTY_BODY = YES;
				CLANG_WARN_ENUM_CONVERSION = YES;
				CLANG_WARN_INFINITE_RECURSION = YES;
				CLANG_WARN_INT_CONVERSION = YES;
				CLANG_WARN_NON_LITERAL_NULL_CONVERSION = YES;
				CLANG_WARN_OBJC_IMPLICIT_RETAIN_SELF = YES;
				CLANG_WARN_OBJC_LITERAL_CONVERSION = YES;
				CLANG_WARN_OBJC_ROOT_CLASS = YES_ERROR;
				CLANG_WARN_QUOTED_INCLUDE_IN_FRAMEWORK_HEADER = YES;
				CLANG_WARN_RANGE_LOOP_ANALYSIS = YES;
				CLANG_WARN_STRICT_PROTOTYPES = YES;
				CLANG_WARN_SUSPICIOUS_MOVE = YES;
				CLANG_WARN_UNGUARDED_AVAILABILITY = YES_AGGRESSIVE;
				CLANG_WARN_UNREACHABLE_CODE = YES;
				CLANG_WARN__DUPLICATE_METHOD_MATCH = YES;
				COPY_PHASE_STRIP = NO;
				DEBUG_INFORMATION_FORMAT = dwarf;
				ENABLE_STRICT_OBJC_MSGSEND = YES;
				ENABLE_TESTABILITY = YES;
				GCC_C_LANGUAGE_STANDARD = gnu11;
				GCC_DYNAMIC_NO_PIC = NO;
				GCC_NO_COMMON_BLOCKS = YES;
				GCC_OPTIMIZATION_LEVEL = 0;
				GCC_PREPROCESSOR_DEFINITIONS = (
					"DEBUG=1",
					"$(inherited)",
				);
				GCC_WARN_64_TO_32_BIT_CONVERSION = YES;
				GCC_WARN_ABOUT_RETURN_TYPE = YES_ERROR;
				GCC_WARN_UNDECLARED_SELECTOR = YES;
				GCC_WARN_UNINITIALIZED_AUTOS = YES_AGGRESSIVE;
				GCC_WARN_UNUSED_FUNCTION = YES;
				GCC_WARN_UNUSED_VARIABLE = YES;
				MACOSX_DEPLOYMENT_TARGET = 11.0;
				MTL_ENABLE_DEBUG_INFO = INCLUDE_SOURCE;
				MTL_FAST_MATH = YES;
				ONLY_ACTIVE_ARCH = YES;
				SDKROOT = macosx;
				SWIFT_ACTIVE_COMPILATION_CONDITIONS = DEBUG;
				SWIFT_OPTIMIZATION_LEVEL = "-Onone";
			};
			name = Debug;
		};
		57BAC6C924D8C05000BD34AE /* Release */ = {
			isa = XCBuildConfiguration;
			buildSettings = {
				ALWAYS_SEARCH_USER_PATHS = NO;
				CLANG_ANALYZER_NONNULL = YES;
				CLANG_ANALYZER_NUMBER_OBJECT_CONVERSION = YES_AGGRESSIVE;
				CLANG_CXX_LANGUAGE_STANDARD = "gnu++14";
				CLANG_CXX_LIBRARY = "libc++";
				CLANG_ENABLE_MODULES = YES;
				CLANG_ENABLE_OBJC_ARC = YES;
				CLANG_ENABLE_OBJC_WEAK = YES;
				CLANG_WARN_BLOCK_CAPTURE_AUTORELEASING = YES;
				CLANG_WARN_BOOL_CONVERSION = YES;
				CLANG_WARN_COMMA = YES;
				CLANG_WARN_CONSTANT_CONVERSION = YES;
				CLANG_WARN_DEPRECATED_OBJC_IMPLEMENTATIONS = YES;
				CLANG_WARN_DIRECT_OBJC_ISA_USAGE = YES_ERROR;
				CLANG_WARN_DOCUMENTATION_COMMENTS = YES;
				CLANG_WARN_EMPTY_BODY = YES;
				CLANG_WARN_ENUM_CONVERSION = YES;
				CLANG_WARN_INFINITE_RECURSION = YES;
				CLANG_WARN_INT_CONVERSION = YES;
				CLANG_WARN_NON_LITERAL_NULL_CONVERSION = YES;
				CLANG_WARN_OBJC_IMPLICIT_RETAIN_SELF = YES;
				CLANG_WARN_OBJC_LITERAL_CONVERSION = YES;
				CLANG_WARN_OBJC_ROOT_CLASS = YES_ERROR;
				CLANG_WARN_QUOTED_INCLUDE_IN_FRAMEWORK_HEADER = YES;
				CLANG_WARN_RANGE_LOOP_ANALYSIS = YES;
				CLANG_WARN_STRICT_PROTOTYPES = YES;
				CLANG_WARN_SUSPICIOUS_MOVE = YES;
				CLANG_WARN_UNGUARDED_AVAILABILITY = YES_AGGRESSIVE;
				CLANG_WARN_UNREACHABLE_CODE = YES;
				CLANG_WARN__DUPLICATE_METHOD_MATCH = YES;
				COPY_PHASE_STRIP = NO;
				DEBUG_INFORMATION_FORMAT = "dwarf-with-dsym";
				ENABLE_NS_ASSERTIONS = NO;
				ENABLE_STRICT_OBJC_MSGSEND = YES;
				GCC_C_LANGUAGE_STANDARD = gnu11;
				GCC_NO_COMMON_BLOCKS = YES;
				GCC_WARN_64_TO_32_BIT_CONVERSION = YES;
				GCC_WARN_ABOUT_RETURN_TYPE = YES_ERROR;
				GCC_WARN_UNDECLARED_SELECTOR = YES;
				GCC_WARN_UNINITIALIZED_AUTOS = YES_AGGRESSIVE;
				GCC_WARN_UNUSED_FUNCTION = YES;
				GCC_WARN_UNUSED_VARIABLE = YES;
				MACOSX_DEPLOYMENT_TARGET = 11.0;
				MTL_ENABLE_DEBUG_INFO = NO;
				MTL_FAST_MATH = YES;
				SDKROOT = macosx;
				SWIFT_COMPILATION_MODE = wholemodule;
				SWIFT_OPTIMIZATION_LEVEL = "-O";
			};
			name = Release;
		};
		57BAC6CB24D8C05000BD34AE /* Debug */ = {
			isa = XCBuildConfiguration;
			buildSettings = {
				ASSETCATALOG_COMPILER_APPICON_NAME = AppIcon;
				ASSETCATALOG_COMPILER_GLOBAL_ACCENT_COLOR_NAME = AccentColor;
				CODE_SIGN_ENTITLEMENTS = Kanbanwa/Kanbanwa.entitlements;
				CODE_SIGN_STYLE = Automatic;
				COMBINE_HIDPI_IMAGES = YES;
				DEVELOPMENT_ASSET_PATHS = "\"Kanbanwa/Preview Content\"";
				DEVELOPMENT_TEAM = 3C42F7N9CQ;
				ENABLE_HARDENED_RUNTIME = YES;
				ENABLE_PREVIEWS = YES;
				INFOPLIST_FILE = Kanbanwa/Info.plist;
				LD_RUNPATH_SEARCH_PATHS = (
					"$(inherited)",
					"@executable_path/../Frameworks",
				);
				MACOSX_DEPLOYMENT_TARGET = 11.0;
				PRODUCT_BUNDLE_IDENTIFIER = co.jossy.Kanbanwa;
				PRODUCT_NAME = "$(TARGET_NAME)";
				SWIFT_VERSION = 5.0;
			};
			name = Debug;
		};
		57BAC6CC24D8C05000BD34AE /* Release */ = {
			isa = XCBuildConfiguration;
			buildSettings = {
				ASSETCATALOG_COMPILER_APPICON_NAME = AppIcon;
				ASSETCATALOG_COMPILER_GLOBAL_ACCENT_COLOR_NAME = AccentColor;
				CODE_SIGN_ENTITLEMENTS = Kanbanwa/Kanbanwa.entitlements;
				CODE_SIGN_STYLE = Automatic;
				COMBINE_HIDPI_IMAGES = YES;
				DEVELOPMENT_ASSET_PATHS = "\"Kanbanwa/Preview Content\"";
				DEVELOPMENT_TEAM = 3C42F7N9CQ;
				ENABLE_HARDENED_RUNTIME = YES;
				ENABLE_PREVIEWS = YES;
				INFOPLIST_FILE = Kanbanwa/Info.plist;
				LD_RUNPATH_SEARCH_PATHS = (
					"$(inherited)",
					"@executable_path/../Frameworks",
				);
				MACOSX_DEPLOYMENT_TARGET = 11.0;
				PRODUCT_BUNDLE_IDENTIFIER = co.jossy.Kanbanwa;
				PRODUCT_NAME = "$(TARGET_NAME)";
				SWIFT_VERSION = 5.0;
			};
			name = Release;
		};
		57BAC6CE24D8C05000BD34AE /* Debug */ = {
			isa = XCBuildConfiguration;
			buildSettings = {
				ALWAYS_EMBED_SWIFT_STANDARD_LIBRARIES = YES;
				BUNDLE_LOADER = "$(TEST_HOST)";
				CODE_SIGN_STYLE = Automatic;
				COMBINE_HIDPI_IMAGES = YES;
				DEVELOPMENT_TEAM = 3C42F7N9CQ;
				INFOPLIST_FILE = KanbanwaTests/Info.plist;
				LD_RUNPATH_SEARCH_PATHS = (
					"$(inherited)",
					"@executable_path/../Frameworks",
					"@loader_path/../Frameworks",
				);
				MACOSX_DEPLOYMENT_TARGET = 11.0;
				PRODUCT_BUNDLE_IDENTIFIER = co.jossy.KanbanwaTests;
				PRODUCT_NAME = "$(TARGET_NAME)";
				SWIFT_VERSION = 5.0;
				TEST_HOST = "$(BUILT_PRODUCTS_DIR)/Kanbanwa.app/Contents/MacOS/Kanbanwa";
			};
			name = Debug;
		};
		57BAC6CF24D8C05000BD34AE /* Release */ = {
			isa = XCBuildConfiguration;
			buildSettings = {
				ALWAYS_EMBED_SWIFT_STANDARD_LIBRARIES = YES;
				BUNDLE_LOADER = "$(TEST_HOST)";
				CODE_SIGN_STYLE = Automatic;
				COMBINE_HIDPI_IMAGES = YES;
				DEVELOPMENT_TEAM = 3C42F7N9CQ;
				INFOPLIST_FILE = KanbanwaTests/Info.plist;
				LD_RUNPATH_SEARCH_PATHS = (
					"$(inherited)",
					"@executable_path/../Frameworks",
					"@loader_path/../Frameworks",
				);
				MACOSX_DEPLOYMENT_TARGET = 11.0;
				PRODUCT_BUNDLE_IDENTIFIER = co.jossy.KanbanwaTests;
				PRODUCT_NAME = "$(TARGET_NAME)";
				SWIFT_VERSION = 5.0;
				TEST_HOST = "$(BUILT_PRODUCTS_DIR)/Kanbanwa.app/Contents/MacOS/Kanbanwa";
			};
			name = Release;
		};
		57BAC6D124D8C05000BD34AE /* Debug */ = {
			isa = XCBuildConfiguration;
			buildSettings = {
				ALWAYS_EMBED_SWIFT_STANDARD_LIBRARIES = YES;
				CODE_SIGN_STYLE = Automatic;
				COMBINE_HIDPI_IMAGES = YES;
				DEVELOPMENT_TEAM = 3C42F7N9CQ;
				INFOPLIST_FILE = KanbanwaUITests/Info.plist;
				LD_RUNPATH_SEARCH_PATHS = (
					"$(inherited)",
					"@executable_path/../Frameworks",
					"@loader_path/../Frameworks",
				);
				PRODUCT_BUNDLE_IDENTIFIER = co.jossy.KanbanwaUITests;
				PRODUCT_NAME = "$(TARGET_NAME)";
				SWIFT_VERSION = 5.0;
				TEST_TARGET_NAME = Kanbanwa;
			};
			name = Debug;
		};
		57BAC6D224D8C05000BD34AE /* Release */ = {
			isa = XCBuildConfiguration;
			buildSettings = {
				ALWAYS_EMBED_SWIFT_STANDARD_LIBRARIES = YES;
				CODE_SIGN_STYLE = Automatic;
				COMBINE_HIDPI_IMAGES = YES;
				DEVELOPMENT_TEAM = 3C42F7N9CQ;
				INFOPLIST_FILE = KanbanwaUITests/Info.plist;
				LD_RUNPATH_SEARCH_PATHS = (
					"$(inherited)",
					"@executable_path/../Frameworks",
					"@loader_path/../Frameworks",
				);
				PRODUCT_BUNDLE_IDENTIFIER = co.jossy.KanbanwaUITests;
				PRODUCT_NAME = "$(TARGET_NAME)";
				SWIFT_VERSION = 5.0;
				TEST_TARGET_NAME = Kanbanwa;
			};
			name = Release;
		};
/* End XCBuildConfiguration section */

/* Begin XCConfigurationList section */
		57BAC69F24D8C04D00BD34AE /* Build configuration list for PBXProject "Kanbanwa" */ = {
			isa = XCConfigurationList;
			buildConfigurations = (
				57BAC6C824D8C05000BD34AE /* Debug */,
				57BAC6C924D8C05000BD34AE /* Release */,
			);
			defaultConfigurationIsVisible = 0;
			defaultConfigurationName = Release;
		};
		57BAC6CA24D8C05000BD34AE /* Build configuration list for PBXNativeTarget "Kanbanwa" */ = {
			isa = XCConfigurationList;
			buildConfigurations = (
				57BAC6CB24D8C05000BD34AE /* Debug */,
				57BAC6CC24D8C05000BD34AE /* Release */,
			);
			defaultConfigurationIsVisible = 0;
			defaultConfigurationName = Release;
		};
		57BAC6CD24D8C05000BD34AE /* Build configuration list for PBXNativeTarget "KanbanwaTests" */ = {
			isa = XCConfigurationList;
			buildConfigurations = (
				57BAC6CE24D8C05000BD34AE /* Debug */,
				57BAC6CF24D8C05000BD34AE /* Release */,
			);
			defaultConfigurationIsVisible = 0;
			defaultConfigurationName = Release;
		};
		57BAC6D024D8C05000BD34AE /* Build configuration list for PBXNativeTarget "KanbanwaUITests" */ = {
			isa = XCConfigurationList;
			buildConfigurations = (
				57BAC6D124D8C05000BD34AE /* Debug */,
				57BAC6D224D8C05000BD34AE /* Release */,
			);
			defaultConfigurationIsVisible = 0;
			defaultConfigurationName = Release;
		};
/* End XCConfigurationList section */
	};
	rootObject = 57BAC69C24D8C04D00BD34AE /* Project object */;
}
